
Microsoft Visual Studio Solution File, Format Version 12.00
# Visual Studio Version 17
VisualStudioVersion = 17.2.32630.192
MinimumVisualStudioVersion = 10.0.40219.1
Project("{FAE04EC0-301F-11D3-BF4B-00C04F79EFBC}") = "Web", "VirtualShopsToExcelImporter\Web.csproj", "{2D1A5D35-C4AD-4425-84FF-04DF63533508}"
EndProject
Project("{FAE04EC0-301F-11D3-BF4B-00C04F79EFBC}") = "Main", "Main\Main.csproj", "{351325E1-EC09-4332-AAF6-5A4AC8AFDE7E}"
EndProject
Project("{FAE04EC0-301F-11D3-BF4B-00C04F79EFBC}") = "ExcelWriter", "ExcelWriter\ExcelWriter.csproj", "{184730A5-9658-452A-92DB-188CA117142A}"
EndProject
Global
	GlobalSection(SolutionConfigurationPlatforms) = preSolution
		Debug|Any CPU = Debug|Any CPU
		Release|Any CPU = Release|Any CPU
	EndGlobalSection
	GlobalSection(ProjectConfigurationPlatforms) = postSolution
		{2D1A5D35-C4AD-4425-84FF-04DF63533508}.Debug|Any CPU.ActiveCfg = Debug|Any CPU
		{2D1A5D35-C4AD-4425-84FF-04DF63533508}.Debug|Any CPU.Build.0 = Debug|Any CPU
		{2D1A5D35-C4AD-4425-84FF-04DF63533508}.Release|Any CPU.ActiveCfg = Release|Any CPU
		{2D1A5D35-C4AD-4425-84FF-04DF63533508}.Release|Any CPU.Build.0 = Release|Any CPU
		{351325E1-EC09-4332-AAF6-5A4AC8AFDE7E}.Debug|Any CPU.ActiveCfg = Debug|Any CPU
		{351325E1-EC09-4332-AAF6-5A4AC8AFDE7E}.Debug|Any CPU.Build.0 = Debug|Any CPU
		{351325E1-EC09-4332-AAF6-5A4AC8AFDE7E}.Release|Any CPU.ActiveCfg = Release|Any CPU
		{351325E1-EC09-4332-AAF6-5A4AC8AFDE7E}.Release|Any CPU.Build.0 = Release|Any CPU
		{184730A5-9658-452A-92DB-188CA117142A}.Debug|Any CPU.ActiveCfg = Debug|Any CPU
		{184730A5-9658-452A-92DB-188CA117142A}.Debug|Any CPU.Build.0 = Debug|Any CPU
		{184730A5-9658-452A-92DB-188CA117142A}.Release|Any CPU.ActiveCfg = Release|Any CPU
		{184730A5-9658-452A-92DB-188CA117142A}.Release|Any CPU.Build.0 = Release|Any CPU
	EndGlobalSection
	GlobalSection(SolutionProperties) = preSolution
		HideSolutionNode = FALSE
	EndGlobalSection
	GlobalSection(ExtensibilityGlobals) = postSolution
		SolutionGuid = {F78B47AF-F6BE-4595-96BF-1A6123767811}
	EndGlobalSection
EndGlobal
